// !$*UTF8*$!
{
	archiveVersion = 1;
	classes = {
	};
	objectVersion = 77;
	objects = {

/* Begin PBXBuildFile section */
		2339948D2CDB7A7800290632 /* LaunchScreen.storyboard in Resources */ = {isa = PBXBuildFile; fileRef = 2339948C2CDB7A7800290632 /* LaunchScreen.storyboard */; };
		239C2D492D00AC27005D03D0 /* ZIPFoundation in Frameworks */ = {isa = PBXBuildFile; productRef = 239C2D482D00AC27005D03D0 /* ZIPFoundation */; };
/* End PBXBuildFile section */

/* Begin PBXContainerItemProxy section */
		238A15DE2CD906970011ABE9 /* PBXContainerItemProxy */ = {
			isa = PBXContainerItemProxy;
			containerPortal = 238A15C32CD906950011ABE9 /* Project object */;
			proxyType = 1;
			remoteGlobalIDString = 238A15CA2CD906950011ABE9;
			remoteInfo = LoadManagement;
		};
		238A15E82CD906970011ABE9 /* PBXContainerItemProxy */ = {
			isa = PBXContainerItemProxy;
			containerPortal = 238A15C32CD906950011ABE9 /* Project object */;
			proxyType = 1;
			remoteGlobalIDString = 238A15CA2CD906950011ABE9;
			remoteInfo = LoadManagement;
		};
/* End PBXContainerItemProxy section */

/* Begin PBXFileReference section */
		2339948C2CDB7A7800290632 /* LaunchScreen.storyboard */ = {isa = PBXFileReference; lastKnownFileType = file.storyboard; path = LaunchScreen.storyboard; sourceTree = "<group>"; };
		238A15CB2CD906950011ABE9 /* LoadManagement.app */ = {isa = PBXFileReference; explicitFileType = wrapper.application; includeInIndex = 0; path = LoadManagement.app; sourceTree = BUILT_PRODUCTS_DIR; };
		238A15DD2CD906970011ABE9 /* LoadManagementTests.xctest */ = {isa = PBXFileReference; explicitFileType = wrapper.cfbundle; includeInIndex = 0; path = LoadManagementTests.xctest; sourceTree = BUILT_PRODUCTS_DIR; };
		238A15E72CD906970011ABE9 /* LoadManagementUITests.xctest */ = {isa = PBXFileReference; explicitFileType = wrapper.cfbundle; includeInIndex = 0; path = LoadManagementUITests.xctest; sourceTree = BUILT_PRODUCTS_DIR; };
/* End PBXFileReference section */

/* Begin PBXFileSystemSynchronizedBuildFileExceptionSet section */
		2339948B2CDA53B700290632 /* Exceptions for "LoadManagement" folder in "LoadManagement" target */ = {
			isa = PBXFileSystemSynchronizedBuildFileExceptionSet;
			membershipExceptions = (
				Info.plist,
			);
			target = 238A15CA2CD906950011ABE9 /* LoadManagement */;
		};
/* End PBXFileSystemSynchronizedBuildFileExceptionSet section */

/* Begin PBXFileSystemSynchronizedRootGroup section */
		238A15CD2CD906950011ABE9 /* LoadManagement */ = {
			isa = PBXFileSystemSynchronizedRootGroup;
			exceptions = (
				2339948B2CDA53B700290632 /* Exceptions for "LoadManagement" folder in "LoadManagement" target */,
			);
			path = LoadManagement;
			sourceTree = "<group>";
		};
		238A15E02CD906970011ABE9 /* LoadManagementTests */ = {
			isa = PBXFileSystemSynchronizedRootGroup;
			path = LoadManagementTests;
			sourceTree = "<group>";
		};
		238A15EA2CD906970011ABE9 /* LoadManagementUITests */ = {
			isa = PBXFileSystemSynchronizedRootGroup;
			path = LoadManagementUITests;
			sourceTree = "<group>";
		};
/* End PBXFileSystemSynchronizedRootGroup section */

/* Begin PBXFrameworksBuildPhase section */
		238A15C82CD906950011ABE9 /* Frameworks */ = {
			isa = PBXFrameworksBuildPhase;
			buildActionMask = 2147483647;
			files = (
				239C2D492D00AC27005D03D0 /* ZIPFoundation in Frameworks */,
			);
			runOnlyForDeploymentPostprocessing = 0;
		};
		238A15DA2CD906970011ABE9 /* Frameworks */ = {
			isa = PBXFrameworksBuildPhase;
			buildActionMask = 2147483647;
			files = (
			);
			runOnlyForDeploymentPostprocessing = 0;
		};
		238A15E42CD906970011ABE9 /* Frameworks */ = {
			isa = PBXFrameworksBuildPhase;
			buildActionMask = 2147483647;
			files = (
			);
			runOnlyForDeploymentPostprocessing = 0;
		};
/* End PBXFrameworksBuildPhase section */

/* Begin PBXGroup section */
		238A15C22CD906950011ABE9 = {
			isa = PBXGroup;
			children = (
				2339948C2CDB7A7800290632 /* LaunchScreen.storyboard */,
				238A15CD2CD906950011ABE9 /* LoadManagement */,
				238A15E02CD906970011ABE9 /* LoadManagementTests */,
				238A15EA2CD906970011ABE9 /* LoadManagementUITests */,
				239C2D472D00AC27005D03D0 /* Frameworks */,
				238A15CC2CD906950011ABE9 /* Products */,
			);
			sourceTree = "<group>";
		};
		238A15CC2CD906950011ABE9 /* Products */ = {
			isa = PBXGroup;
			children = (
				238A15CB2CD906950011ABE9 /* LoadManagement.app */,
				238A15DD2CD906970011ABE9 /* LoadManagementTests.xctest */,
				238A15E72CD906970011ABE9 /* LoadManagementUITests.xctest */,
			);
			name = Products;
			sourceTree = "<group>";
		};
		239C2D472D00AC27005D03D0 /* Frameworks */ = {
			isa = PBXGroup;
			children = (
			);
			name = Frameworks;
			sourceTree = "<group>";
		};
/* End PBXGroup section */

/* Begin PBXNativeTarget section */
		238A15CA2CD906950011ABE9 /* LoadManagement */ = {
			isa = PBXNativeTarget;
			buildConfigurationList = 238A15F12CD906970011ABE9 /* Build configuration list for PBXNativeTarget "LoadManagement" */;
			buildPhases = (
				238A15C72CD906950011ABE9 /* Sources */,
				238A15C82CD906950011ABE9 /* Frameworks */,
				238A15C92CD906950011ABE9 /* Resources */,
			);
			buildRules = (
			);
			dependencies = (
			);
			fileSystemSynchronizedGroups = (
				238A15CD2CD906950011ABE9 /* LoadManagement */,
			);
			name = LoadManagement;
			packageProductDependencies = (
				239C2D482D00AC27005D03D0 /* ZIPFoundation */,
			);
			productName = LoadManagement;
			productReference = 238A15CB2CD906950011ABE9 /* LoadManagement.app */;
			productType = "com.apple.product-type.application";
		};
		238A15DC2CD906970011ABE9 /* LoadManagementTests */ = {
			isa = PBXNativeTarget;
			buildConfigurationList = 238A15F42CD906970011ABE9 /* Build configuration list for PBXNativeTarget "LoadManagementTests" */;
			buildPhases = (
				238A15D92CD906970011ABE9 /* Sources */,
				238A15DA2CD906970011ABE9 /* Frameworks */,
				238A15DB2CD906970011ABE9 /* Resources */,
			);
			buildRules = (
			);
			dependencies = (
				238A15DF2CD906970011ABE9 /* PBXTargetDependency */,
			);
			fileSystemSynchronizedGroups = (
				238A15E02CD906970011ABE9 /* LoadManagementTests */,
			);
			name = LoadManagementTests;
			packageProductDependencies = (
			);
			productName = LoadManagementTests;
			productReference = 238A15DD2CD906970011ABE9 /* LoadManagementTests.xctest */;
			productType = "com.apple.product-type.bundle.unit-test";
		};
		238A15E62CD906970011ABE9 /* LoadManagementUITests */ = {
			isa = PBXNativeTarget;
			buildConfigurationList = 238A15F72CD906970011ABE9 /* Build configuration list for PBXNativeTarget "LoadManagementUITests" */;
			buildPhases = (
				238A15E32CD906970011ABE9 /* Sources */,
				238A15E42CD906970011ABE9 /* Frameworks */,
				238A15E52CD906970011ABE9 /* Resources */,
			);
			buildRules = (
			);
			dependencies = (
				238A15E92CD906970011ABE9 /* PBXTargetDependency */,
			);
			fileSystemSynchronizedGroups = (
				238A15EA2CD906970011ABE9 /* LoadManagementUITests */,
			);
			name = LoadManagementUITests;
			packageProductDependencies = (
			);
			productName = LoadManagementUITests;
			productReference = 238A15E72CD906970011ABE9 /* LoadManagementUITests.xctest */;
			productType = "com.apple.product-type.bundle.ui-testing";
		};
/* End PBXNativeTarget section */

/* Begin PBXProject section */
		238A15C32CD906950011ABE9 /* Project object */ = {
			isa = PBXProject;
			attributes = {
				BuildIndependentTargetsInParallel = 1;
				LastSwiftUpdateCheck = 1610;
				LastUpgradeCheck = 1610;
				TargetAttributes = {
					238A15CA2CD906950011ABE9 = {
						CreatedOnToolsVersion = 16.1;
					};
					238A15DC2CD906970011ABE9 = {
						CreatedOnToolsVersion = 16.1;
						TestTargetID = 238A15CA2CD906950011ABE9;
					};
					238A15E62CD906970011ABE9 = {
						CreatedOnToolsVersion = 16.1;
						TestTargetID = 238A15CA2CD906950011ABE9;
					};
				};
			};
			buildConfigurationList = 238A15C62CD906950011ABE9 /* Build configuration list for PBXProject "LoadManagement" */;
			developmentRegion = en;
			hasScannedForEncodings = 0;
			knownRegions = (
				en,
				Base,
			);
			mainGroup = 238A15C22CD906950011ABE9;
			minimizedProjectReferenceProxies = 1;
			packageReferences = (
				239C2D462D00AB4A005D03D0 /* XCRemoteSwiftPackageReference "ZIPFoundation" */,
			);
			preferredProjectObjectVersion = 77;
			productRefGroup = 238A15CC2CD906950011ABE9 /* Products */;
			projectDirPath = "";
			projectRoot = "";
			targets = (
				238A15CA2CD906950011ABE9 /* LoadManagement */,
				238A15DC2CD906970011ABE9 /* LoadManagementTests */,
				238A15E62CD906970011ABE9 /* LoadManagementUITests */,
			);
		};
/* End PBXProject section */

/* Begin PBXResourcesBuildPhase section */
		238A15C92CD906950011ABE9 /* Resources */ = {
			isa = PBXResourcesBuildPhase;
			buildActionMask = 2147483647;
			files = (
				2339948D2CDB7A7800290632 /* LaunchScreen.storyboard in Resources */,
			);
			runOnlyForDeploymentPostprocessing = 0;
		};
		238A15DB2CD906970011ABE9 /* Resources */ = {
			isa = PBXResourcesBuildPhase;
			buildActionMask = 2147483647;
			files = (
			);
			runOnlyForDeploymentPostprocessing = 0;
		};
		238A15E52CD906970011ABE9 /* Resources */ = {
			isa = PBXResourcesBuildPhase;
			buildActionMask = 2147483647;
			files = (
			);
			runOnlyForDeploymentPostprocessing = 0;
		};
/* End PBXResourcesBuildPhase section */

/* Begin PBXSourcesBuildPhase section */
		238A15C72CD906950011ABE9 /* Sources */ = {
			isa = PBXSourcesBuildPhase;
			buildActionMask = 2147483647;
			files = (
			);
			runOnlyForDeploymentPostprocessing = 0;
		};
		238A15D92CD906970011ABE9 /* Sources */ = {
			isa = PBXSourcesBuildPhase;
			buildActionMask = 2147483647;
			files = (
			);
			runOnlyForDeploymentPostprocessing = 0;
		};
		238A15E32CD906970011ABE9 /* Sources */ = {
			isa = PBXSourcesBuildPhase;
			buildActionMask = 2147483647;
			files = (
			);
			runOnlyForDeploymentPostprocessing = 0;
		};
/* End PBXSourcesBuildPhase section */

/* Begin PBXTargetDependency section */
		238A15DF2CD906970011ABE9 /* PBXTargetDependency */ = {
			isa = PBXTargetDependency;
			target = 238A15CA2CD906950011ABE9 /* LoadManagement */;
			targetProxy = 238A15DE2CD906970011ABE9 /* PBXContainerItemProxy */;
		};
		238A15E92CD906970011ABE9 /* PBXTargetDependency */ = {
			isa = PBXTargetDependency;
			target = 238A15CA2CD906950011ABE9 /* LoadManagement */;
			targetProxy = 238A15E82CD906970011ABE9 /* PBXContainerItemProxy */;
		};
/* End PBXTargetDependency section */

/* Begin XCBuildConfiguration section */
		238A15EF2CD906970011ABE9 /* Debug */ = {
			isa = XCBuildConfiguration;
			buildSettings = {
				ALWAYS_SEARCH_USER_PATHS = NO;
				ASSETCATALOG_COMPILER_GENERATE_SWIFT_ASSET_SYMBOL_EXTENSIONS = YES;
				CLANG_ANALYZER_NONNULL = YES;
				CLANG_ANALYZER_NUMBER_OBJECT_CONVERSION = YES_AGGRESSIVE;
				CLANG_CXX_LANGUAGE_STANDARD = "gnu++20";
				CLANG_ENABLE_MODULES = YES;
				CLANG_ENABLE_OBJC_ARC = YES;
				CLANG_ENABLE_OBJC_WEAK = YES;
				CLANG_WARN_BLOCK_CAPTURE_AUTORELEASING = YES;
				CLANG_WARN_BOOL_CONVERSION = YES;
				CLANG_WARN_COMMA = YES;
				CLANG_WARN_CONSTANT_CONVERSION = YES;
				CLANG_WARN_DEPRECATED_OBJC_IMPLEMENTATIONS = YES;
				CLANG_WARN_DIRECT_OBJC_ISA_USAGE = YES_ERROR;
				CLANG_WARN_DOCUMENTATION_COMMENTS = YES;
				CLANG_WARN_EMPTY_BODY = YES;
				CLANG_WARN_ENUM_CONVERSION = YES;
				CLANG_WARN_INFINITE_RECURSION = YES;
				CLANG_WARN_INT_CONVERSION = YES;
				CLANG_WARN_NON_LITERAL_NULL_CONVERSION = YES;
				CLANG_WARN_OBJC_IMPLICIT_RETAIN_SELF = YES;
				CLANG_WARN_OBJC_LITERAL_CONVERSION = YES;
				CLANG_WARN_OBJC_ROOT_CLASS = YES_ERROR;
				CLANG_WARN_QUOTED_INCLUDE_IN_FRAMEWORK_HEADER = YES;
				CLANG_WARN_RANGE_LOOP_ANALYSIS = YES;
				CLANG_WARN_STRICT_PROTOTYPES = YES;
				CLANG_WARN_SUSPICIOUS_MOVE = YES;
				CLANG_WARN_UNGUARDED_AVAILABILITY = YES_AGGRESSIVE;
				CLANG_WARN_UNREACHABLE_CODE = YES;
				CLANG_WARN__DUPLICATE_METHOD_MATCH = YES;
				COPY_PHASE_STRIP = NO;
				DEBUG_INFORMATION_FORMAT = dwarf;
				ENABLE_STRICT_OBJC_MSGSEND = YES;
				ENABLE_TESTABILITY = YES;
				ENABLE_USER_SCRIPT_SANDBOXING = YES;
				GCC_C_LANGUAGE_STANDARD = gnu17;
				GCC_DYNAMIC_NO_PIC = NO;
				GCC_NO_COMMON_BLOCKS = YES;
				GCC_OPTIMIZATION_LEVEL = 0;
				GCC_PREPROCESSOR_DEFINITIONS = (
					"DEBUG=1",
					"$(inherited)",
				);
				GCC_WARN_64_TO_32_BIT_CONVERSION = YES;
				GCC_WARN_ABOUT_RETURN_TYPE = YES_ERROR;
				GCC_WARN_UNDECLARED_SELECTOR = YES;
				GCC_WARN_UNINITIALIZED_AUTOS = YES_AGGRESSIVE;
				GCC_WARN_UNUSED_FUNCTION = YES;
				GCC_WARN_UNUSED_VARIABLE = YES;
				IPHONEOS_DEPLOYMENT_TARGET = 18.1;
				LOCALIZATION_PREFERS_STRING_CATALOGS = YES;
				MTL_ENABLE_DEBUG_INFO = INCLUDE_SOURCE;
				MTL_FAST_MATH = YES;
				ONLY_ACTIVE_ARCH = YES;
				SDKROOT = iphoneos;
				SWIFT_ACTIVE_COMPILATION_CONDITIONS = "DEBUG $(inherited)";
				SWIFT_OPTIMIZATION_LEVEL = "-Onone";
			};
			name = Debug;
		};
		238A15F02CD906970011ABE9 /* Release */ = {
			isa = XCBuildConfiguration;
			buildSettings = {
				ALWAYS_SEARCH_USER_PATHS = NO;
				ASSETCATALOG_COMPILER_GENERATE_SWIFT_ASSET_SYMBOL_EXTENSIONS = YES;
				CLANG_ANALYZER_NONNULL = YES;
				CLANG_ANALYZER_NUMBER_OBJECT_CONVERSION = YES_AGGRESSIVE;
				CLANG_CXX_LANGUAGE_STANDARD = "gnu++20";
				CLANG_ENABLE_MODULES = YES;
				CLANG_ENABLE_OBJC_ARC = YES;
				CLANG_ENABLE_OBJC_WEAK = YES;
				CLANG_WARN_BLOCK_CAPTURE_AUTORELEASING = YES;
				CLANG_WARN_BOOL_CONVERSION = YES;
				CLANG_WARN_COMMA = YES;
				CLANG_WARN_CONSTANT_CONVERSION = YES;
				CLANG_WARN_DEPRECATED_OBJC_IMPLEMENTATIONS = YES;
				CLANG_WARN_DIRECT_OBJC_ISA_USAGE = YES_ERROR;
				CLANG_WARN_DOCUMENTATION_COMMENTS = YES;
				CLANG_WARN_EMPTY_BODY = YES;
				CLANG_WARN_ENUM_CONVERSION = YES;
				CLANG_WARN_INFINITE_RECURSION = YES;
				CLANG_WARN_INT_CONVERSION = YES;
				CLANG_WARN_NON_LITERAL_NULL_CONVERSION = YES;
				CLANG_WARN_OBJC_IMPLICIT_RETAIN_SELF = YES;
				CLANG_WARN_OBJC_LITERAL_CONVERSION = YES;
				CLANG_WARN_OBJC_ROOT_CLASS = YES_ERROR;
				CLANG_WARN_QUOTED_INCLUDE_IN_FRAMEWORK_HEADER = YES;
				CLANG_WARN_RANGE_LOOP_ANALYSIS = YES;
				CLANG_WARN_STRICT_PROTOTYPES = YES;
				CLANG_WARN_SUSPICIOUS_MOVE = YES;
				CLANG_WARN_UNGUARDED_AVAILABILITY = YES_AGGRESSIVE;
				CLANG_WARN_UNREACHABLE_CODE = YES;
				CLANG_WARN__DUPLICATE_METHOD_MATCH = YES;
				COPY_PHASE_STRIP = NO;
				DEBUG_INFORMATION_FORMAT = "dwarf-with-dsym";
				ENABLE_NS_ASSERTIONS = NO;
				ENABLE_STRICT_OBJC_MSGSEND = YES;
				ENABLE_USER_SCRIPT_SANDBOXING = YES;
				GCC_C_LANGUAGE_STANDARD = gnu17;
				GCC_NO_COMMON_BLOCKS = YES;
				GCC_WARN_64_TO_32_BIT_CONVERSION = YES;
				GCC_WARN_ABOUT_RETURN_TYPE = YES_ERROR;
				GCC_WARN_UNDECLARED_SELECTOR = YES;
				GCC_WARN_UNINITIALIZED_AUTOS = YES_AGGRESSIVE;
				GCC_WARN_UNUSED_FUNCTION = YES;
				GCC_WARN_UNUSED_VARIABLE = YES;
				IPHONEOS_DEPLOYMENT_TARGET = 18.1;
				LOCALIZATION_PREFERS_STRING_CATALOGS = YES;
				MTL_ENABLE_DEBUG_INFO = NO;
				MTL_FAST_MATH = YES;
				SDKROOT = iphoneos;
				SWIFT_COMPILATION_MODE = wholemodule;
				VALIDATE_PRODUCT = YES;
			};
			name = Release;
		};
		238A15F22CD906970011ABE9 /* Debug */ = {
			isa = XCBuildConfiguration;
			buildSettings = {
				ASSETCATALOG_COMPILER_APPICON_NAME = AppIcon;
				ASSETCATALOG_COMPILER_GLOBAL_ACCENT_COLOR_NAME = AccentColor;
				CODE_SIGN_STYLE = Automatic;
				CURRENT_PROJECT_VERSION = 1;
				DEVELOPMENT_ASSET_PATHS = "\"LoadManagement/Preview Content\"";
				DEVELOPMENT_TEAM = 75D46AU8U9;
				ENABLE_PREVIEWS = YES;
				GENERATE_INFOPLIST_FILE = YES;
				INFOPLIST_FILE = LoadManagement/Info.plist;
				INFOPLIST_KEY_UIApplicationSceneManifest_Generation = YES;
				INFOPLIST_KEY_UIApplicationSupportsIndirectInputEvents = YES;
				INFOPLIST_KEY_UILaunchStoryboardName = LaunchScreen;
				INFOPLIST_KEY_UISupportedInterfaceOrientations_iPad = "UIInterfaceOrientationPortrait UIInterfaceOrientationPortraitUpsideDown UIInterfaceOrientationLandscapeLeft UIInterfaceOrientationLandscapeRight";
				INFOPLIST_KEY_UISupportedInterfaceOrientations_iPhone = "UIInterfaceOrientationPortrait UIInterfaceOrientationLandscapeLeft UIInterfaceOrientationLandscapeRight";
				LD_RUNPATH_SEARCH_PATHS = (
					"$(inherited)",
					"@executable_path/Frameworks",
				);
				MARKETING_VERSION = 1.0;
				PRODUCT_BUNDLE_IDENTIFIER = com.asmundur.LoadManagement;
				PRODUCT_NAME = "$(TARGET_NAME)";
				SWIFT_EMIT_LOC_STRINGS = YES;
				SWIFT_VERSION = 5.0;
				TARGETED_DEVICE_FAMILY = "1,2";
			};
			name = Debug;
		};
		238A15F32CD906970011ABE9 /* Release */ = {
			isa = XCBuildConfiguration;
			buildSettings = {
				ASSETCATALOG_COMPILER_APPICON_NAME = AppIcon;
				ASSETCATALOG_COMPILER_GLOBAL_ACCENT_COLOR_NAME = AccentColor;
				CODE_SIGN_STYLE = Automatic;
				CURRENT_PROJECT_VERSION = 1;
				DEVELOPMENT_ASSET_PATHS = "\"LoadManagement/Preview Content\"";
				DEVELOPMENT_TEAM = 75D46AU8U9;
				ENABLE_PREVIEWS = YES;
				GENERATE_INFOPLIST_FILE = YES;
				INFOPLIST_FILE = LoadManagement/Info.plist;
				INFOPLIST_KEY_UIApplicationSceneManifest_Generation = YES;
				INFOPLIST_KEY_UIApplicationSupportsIndirectInputEvents = YES;
				INFOPLIST_KEY_UILaunchStoryboardName = LaunchScreen;
				INFOPLIST_KEY_UISupportedInterfaceOrientations_iPad = "UIInterfaceOrientationPortrait UIInterfaceOrientationPortraitUpsideDown UIInterfaceOrientationLandscapeLeft UIInterfaceOrientationLandscapeRight";
				INFOPLIST_KEY_UISupportedInterfaceOrientations_iPhone = "UIInterfaceOrientationPortrait UIInterfaceOrientationLandscapeLeft UIInterfaceOrientationLandscapeRight";
				LD_RUNPATH_SEARCH_PATHS = (
					"$(inherited)",
					"@executable_path/Frameworks",
				);
				MARKETING_VERSION = 1.0;
				PRODUCT_BUNDLE_IDENTIFIER = com.asmundur.LoadManagement;
				PRODUCT_NAME = "$(TARGET_NAME)";
				SWIFT_EMIT_LOC_STRINGS = YES;
				SWIFT_VERSION = 5.0;
				TARGETED_DEVICE_FAMILY = "1,2";
			};
			name = Release;
		};
		238A15F52CD906970011ABE9 /* Debug */ = {
			isa = XCBuildConfiguration;
			buildSettings = {
				BUNDLE_LOADER = "$(TEST_HOST)";
				CODE_SIGN_STYLE = Automatic;
				CURRENT_PROJECT_VERSION = 1;
				GENERATE_INFOPLIST_FILE = YES;
				IPHONEOS_DEPLOYMENT_TARGET = 18.1;
				MARKETING_VERSION = 1.0;
				PRODUCT_BUNDLE_IDENTIFIER = com.asmundur.LoadManagementTests;
				PRODUCT_NAME = "$(TARGET_NAME)";
				SWIFT_EMIT_LOC_STRINGS = NO;
				SWIFT_VERSION = 5.0;
				TARGETED_DEVICE_FAMILY = "1,2";
				TEST_HOST = "$(BUILT_PRODUCTS_DIR)/LoadManagement.app/$(BUNDLE_EXECUTABLE_FOLDER_PATH)/LoadManagement";
			};
			name = Debug;
		};
		238A15F62CD906970011ABE9 /* Release */ = {
			isa = XCBuildConfiguration;
			buildSettings = {
				BUNDLE_LOADER = "$(TEST_HOST)";
				CODE_SIGN_STYLE = Automatic;
				CURRENT_PROJECT_VERSION = 1;
				GENERATE_INFOPLIST_FILE = YES;
				IPHONEOS_DEPLOYMENT_TARGET = 18.1;
				MARKETING_VERSION = 1.0;
				PRODUCT_BUNDLE_IDENTIFIER = com.asmundur.LoadManagementTests;
				PRODUCT_NAME = "$(TARGET_NAME)";
				SWIFT_EMIT_LOC_STRINGS = NO;
				SWIFT_VERSION = 5.0;
				TARGETED_DEVICE_FAMILY = "1,2";
				TEST_HOST = "$(BUILT_PRODUCTS_DIR)/LoadManagement.app/$(BUNDLE_EXECUTABLE_FOLDER_PATH)/LoadManagement";
			};
			name = Release;
		};
		238A15F82CD906970011ABE9 /* Debug */ = {
			isa = XCBuildConfiguration;
			buildSettings = {
				CODE_SIGN_STYLE = Automatic;
				CURRENT_PROJECT_VERSION = 1;
				GENERATE_INFOPLIST_FILE = YES;
				MARKETING_VERSION = 1.0;
				PRODUCT_BUNDLE_IDENTIFIER = com.asmundur.LoadManagementUITests;
				PRODUCT_NAME = "$(TARGET_NAME)";
				SWIFT_EMIT_LOC_STRINGS = NO;
				SWIFT_VERSION = 5.0;
				TARGETED_DEVICE_FAMILY = "1,2";
				TEST_TARGET_NAME = LoadManagement;
			};
			name = Debug;
		};
		238A15F92CD906970011ABE9 /* Release */ = {
			isa = XCBuildConfiguration;
			buildSettings = {
				CODE_SIGN_STYLE = Automatic;
				CURRENT_PROJECT_VERSION = 1;
				GENERATE_INFOPLIST_FILE = YES;
				MARKETING_VERSION = 1.0;
				PRODUCT_BUNDLE_IDENTIFIER = com.asmundur.LoadManagementUITests;
				PRODUCT_NAME = "$(TARGET_NAME)";
				SWIFT_EMIT_LOC_STRINGS = NO;
				SWIFT_VERSION = 5.0;
				TARGETED_DEVICE_FAMILY = "1,2";
				TEST_TARGET_NAME = LoadManagement;
			};
			name = Release;
		};
/* End XCBuildConfiguration section */

/* Begin XCConfigurationList section */
		238A15C62CD906950011ABE9 /* Build configuration list for PBXProject "LoadManagement" */ = {
			isa = XCConfigurationList;
			buildConfigurations = (
				238A15EF2CD906970011ABE9 /* Debug */,
				238A15F02CD906970011ABE9 /* Release */,
			);
			defaultConfigurationIsVisible = 0;
			defaultConfigurationName = Release;
		};
		238A15F12CD906970011ABE9 /* Build configuration list for PBXNativeTarget "LoadManagement" */ = {
			isa = XCConfigurationList;
			buildConfigurations = (
				238A15F22CD906970011ABE9 /* Debug */,
				238A15F32CD906970011ABE9 /* Release */,
			);
			defaultConfigurationIsVisible = 0;
			defaultConfigurationName = Release;
		};
		238A15F42CD906970011ABE9 /* Build configuration list for PBXNativeTarget "LoadManagementTests" */ = {
			isa = XCConfigurationList;
			buildConfigurations = (
				238A15F52CD906970011ABE9 /* Debug */,
				238A15F62CD906970011ABE9 /* Release */,
			);
			defaultConfigurationIsVisible = 0;
			defaultConfigurationName = Release;
		};
		238A15F72CD906970011ABE9 /* Build configuration list for PBXNativeTarget "LoadManagementUITests" */ = {
			isa = XCConfigurationList;
			buildConfigurations = (
				238A15F82CD906970011ABE9 /* Debug */,
				238A15F92CD906970011ABE9 /* Release */,
			);
			defaultConfigurationIsVisible = 0;
			defaultConfigurationName = Release;
		};
/* End XCConfigurationList section */

/* Begin XCRemoteSwiftPackageReference section */
		239C2D462D00AB4A005D03D0 /* XCRemoteSwiftPackageReference "ZIPFoundation" */ = {
			isa = XCRemoteSwiftPackageReference;
			repositoryURL = "https://github.com/weichsel/ZIPFoundation.git";
			requirement = {
				kind = upToNextMajorVersion;
				minimumVersion = 0.9.19;
			};
		};
/* End XCRemoteSwiftPackageReference section */

/* Begin XCSwiftPackageProductDependency section */
		239C2D482D00AC27005D03D0 /* ZIPFoundation */ = {
			isa = XCSwiftPackageProductDependency;
			package = 239C2D462D00AB4A005D03D0 /* XCRemoteSwiftPackageReference "ZIPFoundation" */;
			productName = ZIPFoundation;
		};
/* End XCSwiftPackageProductDependency section */
	};
	rootObject = 238A15C32CD906950011ABE9 /* Project object */;
}
